
Microsoft Visual Studio Solution File, Format Version 11.00
# Visual Studio 2010
Project("{FAE04EC0-301F-11D3-BF4B-00C04F79EFBC}") = "RaptorJS", "Raptor\RaptorJS.csproj", "{1F8D25DE-DADF-4C6B-ACC0-31827B8DBC98}"
EndProject
Project("{FAE04EC0-301F-11D3-BF4B-00C04F79EFBC}") = "ConsoleServer", "Console\ConsoleServer.csproj", "{1767D12A-F21E-4961-86B8-FCC65EDBC101}"
EndProject
Project("{FAE04EC0-301F-11D3-BF4B-00C04F79EFBC}") = "Jurassic", "Jurassic\Jurassic.csproj", "{2CE5502D-8710-4BE3-9D90-201D526904B3}"
EndProject
Project("{2150E333-8FDC-42A3-9474-1A3956D46DE8}") = "Solution Items", "Solution Items", "{C27ADCE4-9806-4CFE-9D36-B3567BB9E1A1}"
	ProjectSection(SolutionItems) = preProject
		README.md = README.md
	EndProjectSection
EndProject
Global
	GlobalSection(SolutionConfigurationPlatforms) = preSolution
		Debug|Any CPU = Debug|Any CPU
		Debug|Mixed Platforms = Debug|Mixed Platforms
		Debug|x86 = Debug|x86
		Release|Any CPU = Release|Any CPU
		Release|Mixed Platforms = Release|Mixed Platforms
		Release|x86 = Release|x86
	EndGlobalSection
	GlobalSection(ProjectConfigurationPlatforms) = postSolution
		{1F8D25DE-DADF-4C6B-ACC0-31827B8DBC98}.Debug|Any CPU.ActiveCfg = Debug|Any CPU
		{1F8D25DE-DADF-4C6B-ACC0-31827B8DBC98}.Debug|Any CPU.Build.0 = Debug|Any CPU
		{1F8D25DE-DADF-4C6B-ACC0-31827B8DBC98}.Debug|Mixed Platforms.ActiveCfg = Debug|Any CPU
		{1F8D25DE-DADF-4C6B-ACC0-31827B8DBC98}.Debug|Mixed Platforms.Build.0 = Debug|Any CPU
		{1F8D25DE-DADF-4C6B-ACC0-31827B8DBC98}.Debug|x86.ActiveCfg = Debug|Any CPU
		{1F8D25DE-DADF-4C6B-ACC0-31827B8DBC98}.Release|Any CPU.ActiveCfg = Release|Any CPU
		{1F8D25DE-DADF-4C6B-ACC0-31827B8DBC98}.Release|Any CPU.Build.0 = Release|Any CPU
		{1F8D25DE-DADF-4C6B-ACC0-31827B8DBC98}.Release|Mixed Platforms.ActiveCfg = Release|Any CPU
		{1F8D25DE-DADF-4C6B-ACC0-31827B8DBC98}.Release|Mixed Platforms.Build.0 = Release|Any CPU
		{1F8D25DE-DADF-4C6B-ACC0-31827B8DBC98}.Release|x86.ActiveCfg = Release|Any CPU
		{1767D12A-F21E-4961-86B8-FCC65EDBC101}.Debug|Any CPU.ActiveCfg = Debug|x86
		{1767D12A-F21E-4961-86B8-FCC65EDBC101}.Debug|Mixed Platforms.ActiveCfg = Debug|x86
		{1767D12A-F21E-4961-86B8-FCC65EDBC101}.Debug|Mixed Platforms.Build.0 = Debug|x86
		{1767D12A-F21E-4961-86B8-FCC65EDBC101}.Debug|x86.ActiveCfg = Debug|x86
		{1767D12A-F21E-4961-86B8-FCC65EDBC101}.Debug|x86.Build.0 = Debug|x86
		{1767D12A-F21E-4961-86B8-FCC65EDBC101}.Release|Any CPU.ActiveCfg = Release|x86
		{1767D12A-F21E-4961-86B8-FCC65EDBC101}.Release|Mixed Platforms.ActiveCfg = Release|x86
		{1767D12A-F21E-4961-86B8-FCC65EDBC101}.Release|Mixed Platforms.Build.0 = Release|x86
		{1767D12A-F21E-4961-86B8-FCC65EDBC101}.Release|x86.ActiveCfg = Release|x86
		{1767D12A-F21E-4961-86B8-FCC65EDBC101}.Release|x86.Build.0 = Release|x86
		{2CE5502D-8710-4BE3-9D90-201D526904B3}.Debug|Any CPU.ActiveCfg = Debug|Any CPU
		{2CE5502D-8710-4BE3-9D90-201D526904B3}.Debug|Any CPU.Build.0 = Debug|Any CPU
		{2CE5502D-8710-4BE3-9D90-201D526904B3}.Debug|Mixed Platforms.ActiveCfg = Debug|Any CPU
		{2CE5502D-8710-4BE3-9D90-201D526904B3}.Debug|Mixed Platforms.Build.0 = Debug|Any CPU
		{2CE5502D-8710-4BE3-9D90-201D526904B3}.Debug|x86.ActiveCfg = Debug|Any CPU
		{2CE5502D-8710-4BE3-9D90-201D526904B3}.Release|Any CPU.ActiveCfg = Release|Any CPU
		{2CE5502D-8710-4BE3-9D90-201D526904B3}.Release|Any CPU.Build.0 = Release|Any CPU
		{2CE5502D-8710-4BE3-9D90-201D526904B3}.Release|Mixed Platforms.ActiveCfg = Release|Any CPU
		{2CE5502D-8710-4BE3-9D90-201D526904B3}.Release|Mixed Platforms.Build.0 = Release|Any CPU
		{2CE5502D-8710-4BE3-9D90-201D526904B3}.Release|x86.ActiveCfg = Release|Any CPU
	EndGlobalSection
	GlobalSection(SolutionProperties) = preSolution
		HideSolutionNode = FALSE
	EndGlobalSection
EndGlobal
